
Microsoft Visual Studio Solution File, Format Version 12.00
# Visual Studio Version 17
VisualStudioVersion = 17.0.32112.339
MinimumVisualStudioVersion = 10.0.40219.1
Project("{FAE04EC0-301F-11D3-BF4B-00C04F79EFBC}") = "ClickCounter", "ClickCounter\ClickCounter.csproj", "{01E03306-CEF5-432E-B147-4DB3A9378FAF}"
EndProject
Global
	GlobalSection(SolutionConfigurationPlatforms) = preSolution
		Debug|Any CPU = Debug|Any CPU
		Release|Any CPU = Release|Any CPU
	EndGlobalSection
	GlobalSection(ProjectConfigurationPlatforms) = postSolution
		{01E03306-CEF5-432E-B147-4DB3A9378FAF}.Debug|Any CPU.ActiveCfg = Debug|Any CPU
		{01E03306-CEF5-432E-B147-4DB3A9378FAF}.Debug|Any CPU.Build.0 = Debug|Any CPU
		{01E03306-CEF5-432E-B147-4DB3A9378FAF}.Release|Any CPU.ActiveCfg = Release|Any CPU
		{01E03306-CEF5-432E-B147-4DB3A9378FAF}.Release|Any CPU.Build.0 = Release|Any CPU
	EndGlobalSection
	GlobalSection(SolutionProperties) = preSolution
		HideSolutionNode = FALSE
	EndGlobalSection
	GlobalSection(ExtensibilityGlobals) = postSolution
		SolutionGuid = {98D2B18A-1FB8-42D9-A9A0-F0EC3237EDFD}
	EndGlobalSection
EndGlobal
